
Microsoft Visual Studio Solution File, Format Version 12.00
# Visual Studio Version 17
VisualStudioVersion = 17.7.34024.191
MinimumVisualStudioVersion = 10.0.40219.1
Project("{FAE04EC0-301F-11D3-BF4B-00C04F79EFBC}") = "CaseStudy_Iteration5", "CaseStudy_Iteration5.csproj", "{A53F4466-CD3B-4653-8864-6045A7560A99}"
EndProject
Project("{9A19103F-16F7-4668-BE54-9A1E7A4F7556}") = "Iteration4Test", "..\Iteration4Test\Iteration4Test.csproj", "{074C5ED0-6685-4949-B35D-DD6882786F51}"
EndProject
Global
	GlobalSection(SolutionConfigurationPlatforms) = preSolution
		Debug|Any CPU = Debug|Any CPU
		Release|Any CPU = Release|Any CPU
	EndGlobalSection
	GlobalSection(ProjectConfigurationPlatforms) = postSolution
		{A53F4466-CD3B-4653-8864-6045A7560A99}.Debug|Any CPU.ActiveCfg = Debug|Any CPU
		{A53F4466-CD3B-4653-8864-6045A7560A99}.Debug|Any CPU.Build.0 = Debug|Any CPU
		{A53F4466-CD3B-4653-8864-6045A7560A99}.Release|Any CPU.ActiveCfg = Release|Any CPU
		{A53F4466-CD3B-4653-8864-6045A7560A99}.Release|Any CPU.Build.0 = Release|Any CPU
		{074C5ED0-6685-4949-B35D-DD6882786F51}.Debug|Any CPU.ActiveCfg = Debug|Any CPU
		{074C5ED0-6685-4949-B35D-DD6882786F51}.Debug|Any CPU.Build.0 = Debug|Any CPU
		{074C5ED0-6685-4949-B35D-DD6882786F51}.Release|Any CPU.ActiveCfg = Release|Any CPU
		{074C5ED0-6685-4949-B35D-DD6882786F51}.Release|Any CPU.Build.0 = Release|Any CPU
	EndGlobalSection
	GlobalSection(SolutionProperties) = preSolution
		HideSolutionNode = FALSE
	EndGlobalSection
	GlobalSection(ExtensibilityGlobals) = postSolution
		SolutionGuid = {ACB92F76-1A8D-4522-A2B1-C9A01171B6AF}
	EndGlobalSection
EndGlobal
