
Microsoft Visual Studio Solution File, Format Version 12.00
# Visual Studio Version 17
VisualStudioVersion = 17.7.34024.191
MinimumVisualStudioVersion = 10.0.40219.1
Project("{FAE04EC0-301F-11D3-BF4B-00C04F79EFBC}") = "CaseStudy-Iteration4", "CaseStudy-Iteration4.csproj", "{BF461BD2-36F1-4FA0-8B75-0755A6B327A8}"
EndProject
Project("{9A19103F-16F7-4668-BE54-9A1E7A4F7556}") = "TestIteration4", "..\TestProject1\TestIteration4.csproj", "{ED973289-28DC-4567-B5A2-B9ADA44DF332}"
EndProject
Global
	GlobalSection(SolutionConfigurationPlatforms) = preSolution
		Debug|Any CPU = Debug|Any CPU
		Release|Any CPU = Release|Any CPU
	EndGlobalSection
	GlobalSection(ProjectConfigurationPlatforms) = postSolution
		{BF461BD2-36F1-4FA0-8B75-0755A6B327A8}.Debug|Any CPU.ActiveCfg = Debug|Any CPU
		{BF461BD2-36F1-4FA0-8B75-0755A6B327A8}.Debug|Any CPU.Build.0 = Debug|Any CPU
		{BF461BD2-36F1-4FA0-8B75-0755A6B327A8}.Release|Any CPU.ActiveCfg = Release|Any CPU
		{BF461BD2-36F1-4FA0-8B75-0755A6B327A8}.Release|Any CPU.Build.0 = Release|Any CPU
		{ED973289-28DC-4567-B5A2-B9ADA44DF332}.Debug|Any CPU.ActiveCfg = Debug|Any CPU
		{ED973289-28DC-4567-B5A2-B9ADA44DF332}.Debug|Any CPU.Build.0 = Debug|Any CPU
		{ED973289-28DC-4567-B5A2-B9ADA44DF332}.Release|Any CPU.ActiveCfg = Release|Any CPU
		{ED973289-28DC-4567-B5A2-B9ADA44DF332}.Release|Any CPU.Build.0 = Release|Any CPU
	EndGlobalSection
	GlobalSection(SolutionProperties) = preSolution
		HideSolutionNode = FALSE
	EndGlobalSection
	GlobalSection(ExtensibilityGlobals) = postSolution
		SolutionGuid = {6444B086-6B1C-4B7E-9BC6-E16DEE8F46FA}
	EndGlobalSection
EndGlobal
