
Microsoft Visual Studio Solution File, Format Version 12.00
# Visual Studio Version 17
VisualStudioVersion = 17.4.33205.214
MinimumVisualStudioVersion = 10.0.40219.1
Project("{FAE04EC0-301F-11D3-BF4B-00C04F79EFBC}") = "CaseStudy-Iteration3", "CaseStudy-Iteration2\CaseStudy-Iteration3.csproj", "{BF461BD2-36F1-4FA0-8B75-0755A6B327A8}"
EndProject
Project("{9A19103F-16F7-4668-BE54-9A1E7A4F7556}") = "Iteration3Test", "TestItems\Iteration3Test.csproj", "{68841DE1-C090-44B6-97EA-7BE9E0E39D76}"
EndProject
Global
	GlobalSection(SolutionConfigurationPlatforms) = preSolution
		Debug|Any CPU = Debug|Any CPU
		Release|Any CPU = Release|Any CPU
	EndGlobalSection
	GlobalSection(ProjectConfigurationPlatforms) = postSolution
		{BF461BD2-36F1-4FA0-8B75-0755A6B327A8}.Debug|Any CPU.ActiveCfg = Debug|Any CPU
		{BF461BD2-36F1-4FA0-8B75-0755A6B327A8}.Debug|Any CPU.Build.0 = Debug|Any CPU
		{BF461BD2-36F1-4FA0-8B75-0755A6B327A8}.Release|Any CPU.ActiveCfg = Release|Any CPU
		{BF461BD2-36F1-4FA0-8B75-0755A6B327A8}.Release|Any CPU.Build.0 = Release|Any CPU
		{68841DE1-C090-44B6-97EA-7BE9E0E39D76}.Debug|Any CPU.ActiveCfg = Debug|Any CPU
		{68841DE1-C090-44B6-97EA-7BE9E0E39D76}.Debug|Any CPU.Build.0 = Debug|Any CPU
		{68841DE1-C090-44B6-97EA-7BE9E0E39D76}.Release|Any CPU.ActiveCfg = Release|Any CPU
		{68841DE1-C090-44B6-97EA-7BE9E0E39D76}.Release|Any CPU.Build.0 = Release|Any CPU
	EndGlobalSection
	GlobalSection(SolutionProperties) = preSolution
		HideSolutionNode = FALSE
	EndGlobalSection
	GlobalSection(ExtensibilityGlobals) = postSolution
		SolutionGuid = {013F85BA-4919-414A-AFAA-75458100A2A1}
	EndGlobalSection
EndGlobal
